// !$*UTF8*$!
{
	archiveVersion = 1;
	classes = {
	};
	objectVersion = 50;
	objects = {

/* Begin PBXBuildFile section */
		A47AE83B214D7A1200CC7493 /* AppDelegate.swift in Sources */ = {isa = PBXBuildFile; fileRef = A47AE83A214D7A1200CC7493 /* AppDelegate.swift */; };
		A47AE83D214D7A1200CC7493 /* ViewController.swift in Sources */ = {isa = PBXBuildFile; fileRef = A47AE83C214D7A1200CC7493 /* ViewController.swift */; };
		A47AE840214D7A1200CC7493 /* Main.storyboard in Resources */ = {isa = PBXBuildFile; fileRef = A47AE83E214D7A1200CC7493 /* Main.storyboard */; };
		A47AE842214D7A1400CC7493 /* Assets.xcassets in Resources */ = {isa = PBXBuildFile; fileRef = A47AE841214D7A1400CC7493 /* Assets.xcassets */; };
		A47AE845214D7A1400CC7493 /* LaunchScreen.storyboard in Resources */ = {isa = PBXBuildFile; fileRef = A47AE843214D7A1400CC7493 /* LaunchScreen.storyboard */; };
		A47AE850214D7A1400CC7493 /* pakupakuTodoTests.swift in Sources */ = {isa = PBXBuildFile; fileRef = A47AE84F214D7A1400CC7493 /* pakupakuTodoTests.swift */; };
		A47AE85B214D7A1400CC7493 /* pakupakuTodoUITests.swift in Sources */ = {isa = PBXBuildFile; fileRef = A47AE85A214D7A1400CC7493 /* pakupakuTodoUITests.swift */; };
		A47AE869214D80A100CC7493 /* RoundButton.swift in Sources */ = {isa = PBXBuildFile; fileRef = A47AE868214D80A100CC7493 /* RoundButton.swift */; };
/* End PBXBuildFile section */

/* Begin PBXContainerItemProxy section */
		A47AE84C214D7A1400CC7493 /* PBXContainerItemProxy */ = {
			isa = PBXContainerItemProxy;
			containerPortal = A47AE82F214D7A1200CC7493 /* Project object */;
			proxyType = 1;
			remoteGlobalIDString = A47AE836214D7A1200CC7493;
			remoteInfo = pakupakuTodo;
		};
		A47AE857214D7A1400CC7493 /* PBXContainerItemProxy */ = {
			isa = PBXContainerItemProxy;
			containerPortal = A47AE82F214D7A1200CC7493 /* Project object */;
			proxyType = 1;
			remoteGlobalIDString = A47AE836214D7A1200CC7493;
			remoteInfo = pakupakuTodo;
		};
/* End PBXContainerItemProxy section */

/* Begin PBXFileReference section */
		A47AE837214D7A1200CC7493 /* pakupakuTodo.app */ = {isa = PBXFileReference; explicitFileType = wrapper.application; includeInIndex = 0; path = pakupakuTodo.app; sourceTree = BUILT_PRODUCTS_DIR; };
		A47AE83A214D7A1200CC7493 /* AppDelegate.swift */ = {isa = PBXFileReference; lastKnownFileType = sourcecode.swift; path = AppDelegate.swift; sourceTree = "<group>"; };
		A47AE83C214D7A1200CC7493 /* ViewController.swift */ = {isa = PBXFileReference; lastKnownFileType = sourcecode.swift; path = ViewController.swift; sourceTree = "<group>"; };
		A47AE83F214D7A1200CC7493 /* Base */ = {isa = PBXFileReference; lastKnownFileType = file.storyboard; name = Base; path = Base.lproj/Main.storyboard; sourceTree = "<group>"; };
		A47AE841214D7A1400CC7493 /* Assets.xcassets */ = {isa = PBXFileReference; lastKnownFileType = folder.assetcatalog; path = Assets.xcassets; sourceTree = "<group>"; };
		A47AE844214D7A1400CC7493 /* Base */ = {isa = PBXFileReference; lastKnownFileType = file.storyboard; name = Base; path = Base.lproj/LaunchScreen.storyboard; sourceTree = "<group>"; };
		A47AE846214D7A1400CC7493 /* Info.plist */ = {isa = PBXFileReference; lastKnownFileType = text.plist.xml; path = Info.plist; sourceTree = "<group>"; };
		A47AE84B214D7A1400CC7493 /* pakupakuTodoTests.xctest */ = {isa = PBXFileReference; explicitFileType = wrapper.cfbundle; includeInIndex = 0; path = pakupakuTodoTests.xctest; sourceTree = BUILT_PRODUCTS_DIR; };
		A47AE84F214D7A1400CC7493 /* pakupakuTodoTests.swift */ = {isa = PBXFileReference; lastKnownFileType = sourcecode.swift; path = pakupakuTodoTests.swift; sourceTree = "<group>"; };
		A47AE851214D7A1400CC7493 /* Info.plist */ = {isa = PBXFileReference; lastKnownFileType = text.plist.xml; path = Info.plist; sourceTree = "<group>"; };
		A47AE856214D7A1400CC7493 /* pakupakuTodoUITests.xctest */ = {isa = PBXFileReference; explicitFileType = wrapper.cfbundle; includeInIndex = 0; path = pakupakuTodoUITests.xctest; sourceTree = BUILT_PRODUCTS_DIR; };
		A47AE85A214D7A1400CC7493 /* pakupakuTodoUITests.swift */ = {isa = PBXFileReference; lastKnownFileType = sourcecode.swift; path = pakupakuTodoUITests.swift; sourceTree = "<group>"; };
		A47AE85C214D7A1400CC7493 /* Info.plist */ = {isa = PBXFileReference; lastKnownFileType = text.plist.xml; path = Info.plist; sourceTree = "<group>"; };
		A47AE868214D80A100CC7493 /* RoundButton.swift */ = {isa = PBXFileReference; lastKnownFileType = sourcecode.swift; path = RoundButton.swift; sourceTree = "<group>"; };
/* End PBXFileReference section */

/* Begin PBXFrameworksBuildPhase section */
		A47AE834214D7A1200CC7493 /* Frameworks */ = {
			isa = PBXFrameworksBuildPhase;
			buildActionMask = 2147483647;
			files = (
			);
			runOnlyForDeploymentPostprocessing = 0;
		};
		A47AE848214D7A1400CC7493 /* Frameworks */ = {
			isa = PBXFrameworksBuildPhase;
			buildActionMask = 2147483647;
			files = (
			);
			runOnlyForDeploymentPostprocessing = 0;
		};
		A47AE853214D7A1400CC7493 /* Frameworks */ = {
			isa = PBXFrameworksBuildPhase;
			buildActionMask = 2147483647;
			files = (
			);
			runOnlyForDeploymentPostprocessing = 0;
		};
/* End PBXFrameworksBuildPhase section */

/* Begin PBXGroup section */
		A47AE82E214D7A1200CC7493 = {
			isa = PBXGroup;
			children = (
				A47AE839214D7A1200CC7493 /* pakupakuTodo */,
				A47AE84E214D7A1400CC7493 /* pakupakuTodoTests */,
				A47AE859214D7A1400CC7493 /* pakupakuTodoUITests */,
				A47AE838214D7A1200CC7493 /* Products */,
			);
			sourceTree = "<group>";
		};
		A47AE838214D7A1200CC7493 /* Products */ = {
			isa = PBXGroup;
			children = (
				A47AE837214D7A1200CC7493 /* pakupakuTodo.app */,
				A47AE84B214D7A1400CC7493 /* pakupakuTodoTests.xctest */,
				A47AE856214D7A1400CC7493 /* pakupakuTodoUITests.xctest */,
			);
			name = Products;
			sourceTree = "<group>";
		};
		A47AE839214D7A1200CC7493 /* pakupakuTodo */ = {
			isa = PBXGroup;
			children = (
				A47AE83A214D7A1200CC7493 /* AppDelegate.swift */,
				A47AE83C214D7A1200CC7493 /* ViewController.swift */,
				A47AE83E214D7A1200CC7493 /* Main.storyboard */,
				A47AE868214D80A100CC7493 /* RoundButton.swift */,
				A47AE841214D7A1400CC7493 /* Assets.xcassets */,
				A47AE843214D7A1400CC7493 /* LaunchScreen.storyboard */,
				A47AE846214D7A1400CC7493 /* Info.plist */,
			);
			path = pakupakuTodo;
			sourceTree = "<group>";
		};
		A47AE84E214D7A1400CC7493 /* pakupakuTodoTests */ = {
			isa = PBXGroup;
			children = (
				A47AE84F214D7A1400CC7493 /* pakupakuTodoTests.swift */,
				A47AE851214D7A1400CC7493 /* Info.plist */,
			);
			path = pakupakuTodoTests;
			sourceTree = "<group>";
		};
		A47AE859214D7A1400CC7493 /* pakupakuTodoUITests */ = {
			isa = PBXGroup;
			children = (
				A47AE85A214D7A1400CC7493 /* pakupakuTodoUITests.swift */,
				A47AE85C214D7A1400CC7493 /* Info.plist */,
			);
			path = pakupakuTodoUITests;
			sourceTree = "<group>";
		};
/* End PBXGroup section */

/* Begin PBXNativeTarget section */
		A47AE836214D7A1200CC7493 /* pakupakuTodo */ = {
			isa = PBXNativeTarget;
			buildConfigurationList = A47AE85F214D7A1400CC7493 /* Build configuration list for PBXNativeTarget "pakupakuTodo" */;
			buildPhases = (
				A47AE833214D7A1200CC7493 /* Sources */,
				A47AE834214D7A1200CC7493 /* Frameworks */,
				A47AE835214D7A1200CC7493 /* Resources */,
			);
			buildRules = (
			);
			dependencies = (
			);
			name = pakupakuTodo;
			productName = pakupakuTodo;
			productReference = A47AE837214D7A1200CC7493 /* pakupakuTodo.app */;
			productType = "com.apple.product-type.application";
		};
		A47AE84A214D7A1400CC7493 /* pakupakuTodoTests */ = {
			isa = PBXNativeTarget;
			buildConfigurationList = A47AE862214D7A1400CC7493 /* Build configuration list for PBXNativeTarget "pakupakuTodoTests" */;
			buildPhases = (
				A47AE847214D7A1400CC7493 /* Sources */,
				A47AE848214D7A1400CC7493 /* Frameworks */,
				A47AE849214D7A1400CC7493 /* Resources */,
			);
			buildRules = (
			);
			dependencies = (
				A47AE84D214D7A1400CC7493 /* PBXTargetDependency */,
			);
			name = pakupakuTodoTests;
			productName = pakupakuTodoTests;
			productReference = A47AE84B214D7A1400CC7493 /* pakupakuTodoTests.xctest */;
			productType = "com.apple.product-type.bundle.unit-test";
		};
		A47AE855214D7A1400CC7493 /* pakupakuTodoUITests */ = {
			isa = PBXNativeTarget;
			buildConfigurationList = A47AE865214D7A1400CC7493 /* Build configuration list for PBXNativeTarget "pakupakuTodoUITests" */;
			buildPhases = (
				A47AE852214D7A1400CC7493 /* Sources */,
				A47AE853214D7A1400CC7493 /* Frameworks */,
				A47AE854214D7A1400CC7493 /* Resources */,
			);
			buildRules = (
			);
			dependencies = (
				A47AE858214D7A1400CC7493 /* PBXTargetDependency */,
			);
			name = pakupakuTodoUITests;
			productName = pakupakuTodoUITests;
			productReference = A47AE856214D7A1400CC7493 /* pakupakuTodoUITests.xctest */;
			productType = "com.apple.product-type.bundle.ui-testing";
		};
/* End PBXNativeTarget section */

/* Begin PBXProject section */
		A47AE82F214D7A1200CC7493 /* Project object */ = {
			isa = PBXProject;
			attributes = {
				LastSwiftUpdateCheck = 0940;
				LastUpgradeCheck = 0940;
				ORGANIZATIONNAME = kazuma;
				TargetAttributes = {
					A47AE836214D7A1200CC7493 = {
						CreatedOnToolsVersion = 9.4.1;
					};
					A47AE84A214D7A1400CC7493 = {
						CreatedOnToolsVersion = 9.4.1;
						TestTargetID = A47AE836214D7A1200CC7493;
					};
					A47AE855214D7A1400CC7493 = {
						CreatedOnToolsVersion = 9.4.1;
						TestTargetID = A47AE836214D7A1200CC7493;
					};
				};
			};
			buildConfigurationList = A47AE832214D7A1200CC7493 /* Build configuration list for PBXProject "pakupakuTodo" */;
			compatibilityVersion = "Xcode 9.3";
			developmentRegion = en;
			hasScannedForEncodings = 0;
			knownRegions = (
				en,
				Base,
			);
			mainGroup = A47AE82E214D7A1200CC7493;
			productRefGroup = A47AE838214D7A1200CC7493 /* Products */;
			projectDirPath = "";
			projectRoot = "";
			targets = (
				A47AE836214D7A1200CC7493 /* pakupakuTodo */,
				A47AE84A214D7A1400CC7493 /* pakupakuTodoTests */,
				A47AE855214D7A1400CC7493 /* pakupakuTodoUITests */,
			);
		};
/* End PBXProject section */

/* Begin PBXResourcesBuildPhase section */
		A47AE835214D7A1200CC7493 /* Resources */ = {
			isa = PBXResourcesBuildPhase;
			buildActionMask = 2147483647;
			files = (
				A47AE845214D7A1400CC7493 /* LaunchScreen.storyboard in Resources */,
				A47AE842214D7A1400CC7493 /* Assets.xcassets in Resources */,
				A47AE840214D7A1200CC7493 /* Main.storyboard in Resources */,
			);
			runOnlyForDeploymentPostprocessing = 0;
		};
		A47AE849214D7A1400CC7493 /* Resources */ = {
			isa = PBXResourcesBuildPhase;
			buildActionMask = 2147483647;
			files = (
			);
			runOnlyForDeploymentPostprocessing = 0;
		};
		A47AE854214D7A1400CC7493 /* Resources */ = {
			isa = PBXResourcesBuildPhase;
			buildActionMask = 2147483647;
			files = (
			);
			runOnlyForDeploymentPostprocessing = 0;
		};
/* End PBXResourcesBuildPhase section */

/* Begin PBXSourcesBuildPhase section */
		A47AE833214D7A1200CC7493 /* Sources */ = {
			isa = PBXSourcesBuildPhase;
			buildActionMask = 2147483647;
			files = (
				A47AE869214D80A100CC7493 /* RoundButton.swift in Sources */,
				A47AE83D214D7A1200CC7493 /* ViewController.swift in Sources */,
				A47AE83B214D7A1200CC7493 /* AppDelegate.swift in Sources */,
			);
			runOnlyForDeploymentPostprocessing = 0;
		};
		A47AE847214D7A1400CC7493 /* Sources */ = {
			isa = PBXSourcesBuildPhase;
			buildActionMask = 2147483647;
			files = (
				A47AE850214D7A1400CC7493 /* pakupakuTodoTests.swift in Sources */,
			);
			runOnlyForDeploymentPostprocessing = 0;
		};
		A47AE852214D7A1400CC7493 /* Sources */ = {
			isa = PBXSourcesBuildPhase;
			buildActionMask = 2147483647;
			files = (
				A47AE85B214D7A1400CC7493 /* pakupakuTodoUITests.swift in Sources */,
			);
			runOnlyForDeploymentPostprocessing = 0;
		};
/* End PBXSourcesBuildPhase section */

/* Begin PBXTargetDependency section */
		A47AE84D214D7A1400CC7493 /* PBXTargetDependency */ = {
			isa = PBXTargetDependency;
			target = A47AE836214D7A1200CC7493 /* pakupakuTodo */;
			targetProxy = A47AE84C214D7A1400CC7493 /* PBXContainerItemProxy */;
		};
		A47AE858214D7A1400CC7493 /* PBXTargetDependency */ = {
			isa = PBXTargetDependency;
			target = A47AE836214D7A1200CC7493 /* pakupakuTodo */;
			targetProxy = A47AE857214D7A1400CC7493 /* PBXContainerItemProxy */;
		};
/* End PBXTargetDependency section */

/* Begin PBXVariantGroup section */
		A47AE83E214D7A1200CC7493 /* Main.storyboard */ = {
			isa = PBXVariantGroup;
			children = (
				A47AE83F214D7A1200CC7493 /* Base */,
			);
			name = Main.storyboard;
			sourceTree = "<group>";
		};
		A47AE843214D7A1400CC7493 /* LaunchScreen.storyboard */ = {
			isa = PBXVariantGroup;
			children = (
				A47AE844214D7A1400CC7493 /* Base */,
			);
			name = LaunchScreen.storyboard;
			sourceTree = "<group>";
		};
/* End PBXVariantGroup section */

/* Begin XCBuildConfiguration section */
		A47AE85D214D7A1400CC7493 /* Debug */ = {
			isa = XCBuildConfiguration;
			buildSettings = {
				ALWAYS_SEARCH_USER_PATHS = NO;
				CLANG_ANALYZER_NONNULL = YES;
				CLANG_ANALYZER_NUMBER_OBJECT_CONVERSION = YES_AGGRESSIVE;
				CLANG_CXX_LANGUAGE_STANDARD = "gnu++14";
				CLANG_CXX_LIBRARY = "libc++";
				CLANG_ENABLE_MODULES = YES;
				CLANG_ENABLE_OBJC_ARC = YES;
				CLANG_ENABLE_OBJC_WEAK = YES;
				CLANG_WARN_BLOCK_CAPTURE_AUTORELEASING = YES;
				CLANG_WARN_BOOL_CONVERSION = YES;
				CLANG_WARN_COMMA = YES;
				CLANG_WARN_CONSTANT_CONVERSION = YES;
				CLANG_WARN_DEPRECATED_OBJC_IMPLEMENTATIONS = YES;
				CLANG_WARN_DIRECT_OBJC_ISA_USAGE = YES_ERROR;
				CLANG_WARN_DOCUMENTATION_COMMENTS = YES;
				CLANG_WARN_EMPTY_BODY = YES;
				CLANG_WARN_ENUM_CONVERSION = YES;
				CLANG_WARN_INFINITE_RECURSION = YES;
				CLANG_WARN_INT_CONVERSION = YES;
				CLANG_WARN_NON_LITERAL_NULL_CONVERSION = YES;
				CLANG_WARN_OBJC_IMPLICIT_RETAIN_SELF = YES;
				CLANG_WARN_OBJC_LITERAL_CONVERSION = YES;
				CLANG_WARN_OBJC_ROOT_CLASS = YES_ERROR;
				CLANG_WARN_RANGE_LOOP_ANALYSIS = YES;
				CLANG_WARN_STRICT_PROTOTYPES = YES;
				CLANG_WARN_SUSPICIOUS_MOVE = YES;
				CLANG_WARN_UNGUARDED_AVAILABILITY = YES_AGGRESSIVE;
				CLANG_WARN_UNREACHABLE_CODE = YES;
				CLANG_WARN__DUPLICATE_METHOD_MATCH = YES;
				CODE_SIGN_IDENTITY = "iPhone Developer";
				COPY_PHASE_STRIP = NO;
				DEBUG_INFORMATION_FORMAT = dwarf;
				ENABLE_STRICT_OBJC_MSGSEND = YES;
				ENABLE_TESTABILITY = YES;
				GCC_C_LANGUAGE_STANDARD = gnu11;
				GCC_DYNAMIC_NO_PIC = NO;
				GCC_NO_COMMON_BLOCKS = YES;
				GCC_OPTIMIZATION_LEVEL = 0;
				GCC_PREPROCESSOR_DEFINITIONS = (
					"DEBUG=1",
					"$(inherited)",
				);
				GCC_WARN_64_TO_32_BIT_CONVERSION = YES;
				GCC_WARN_ABOUT_RETURN_TYPE = YES_ERROR;
				GCC_WARN_UNDECLARED_SELECTOR = YES;
				GCC_WARN_UNINITIALIZED_AUTOS = YES_AGGRESSIVE;
				GCC_WARN_UNUSED_FUNCTION = YES;
				GCC_WARN_UNUSED_VARIABLE = YES;
				IPHONEOS_DEPLOYMENT_TARGET = 11.4;
				MTL_ENABLE_DEBUG_INFO = YES;
				ONLY_ACTIVE_ARCH = YES;
				SDKROOT = iphoneos;
				SWIFT_ACTIVE_COMPILATION_CONDITIONS = DEBUG;
				SWIFT_OPTIMIZATION_LEVEL = "-Onone";
			};
			name = Debug;
		};
		A47AE85E214D7A1400CC7493 /* Release */ = {
			isa = XCBuildConfiguration;
			buildSettings = {
				ALWAYS_SEARCH_USER_PATHS = NO;
				CLANG_ANALYZER_NONNULL = YES;
				CLANG_ANALYZER_NUMBER_OBJECT_CONVERSION = YES_AGGRESSIVE;
				CLANG_CXX_LANGUAGE_STANDARD = "gnu++14";
				CLANG_CXX_LIBRARY = "libc++";
				CLANG_ENABLE_MODULES = YES;
				CLANG_ENABLE_OBJC_ARC = YES;
				CLANG_ENABLE_OBJC_WEAK = YES;
				CLANG_WARN_BLOCK_CAPTURE_AUTORELEASING = YES;
				CLANG_WARN_BOOL_CONVERSION = YES;
				CLANG_WARN_COMMA = YES;
				CLANG_WARN_CONSTANT_CONVERSION = YES;
				CLANG_WARN_DEPRECATED_OBJC_IMPLEMENTATIONS = YES;
				CLANG_WARN_DIRECT_OBJC_ISA_USAGE = YES_ERROR;
				CLANG_WARN_DOCUMENTATION_COMMENTS = YES;
				CLANG_WARN_EMPTY_BODY = YES;
				CLANG_WARN_ENUM_CONVERSION = YES;
				CLANG_WARN_INFINITE_RECURSION = YES;
				CLANG_WARN_INT_CONVERSION = YES;
				CLANG_WARN_NON_LITERAL_NULL_CONVERSION = YES;
				CLANG_WARN_OBJC_IMPLICIT_RETAIN_SELF = YES;
				CLANG_WARN_OBJC_LITERAL_CONVERSION = YES;
				CLANG_WARN_OBJC_ROOT_CLASS = YES_ERROR;
				CLANG_WARN_RANGE_LOOP_ANALYSIS = YES;
				CLANG_WARN_STRICT_PROTOTYPES = YES;
				CLANG_WARN_SUSPICIOUS_MOVE = YES;
				CLANG_WARN_UNGUARDED_AVAILABILITY = YES_AGGRESSIVE;
				CLANG_WARN_UNREACHABLE_CODE = YES;
				CLANG_WARN__DUPLICATE_METHOD_MATCH = YES;
				CODE_SIGN_IDENTITY = "iPhone Developer";
				COPY_PHASE_STRIP = NO;
				DEBUG_INFORMATION_FORMAT = "dwarf-with-dsym";
				ENABLE_NS_ASSERTIONS = NO;
				ENABLE_STRICT_OBJC_MSGSEND = YES;
				GCC_C_LANGUAGE_STANDARD = gnu11;
				GCC_NO_COMMON_BLOCKS = YES;
				GCC_WARN_64_TO_32_BIT_CONVERSION = YES;
				GCC_WARN_ABOUT_RETURN_TYPE = YES_ERROR;
				GCC_WARN_UNDECLARED_SELECTOR = YES;
				GCC_WARN_UNINITIALIZED_AUTOS = YES_AGGRESSIVE;
				GCC_WARN_UNUSED_FUNCTION = YES;
				GCC_WARN_UNUSED_VARIABLE = YES;
				IPHONEOS_DEPLOYMENT_TARGET = 11.4;
				MTL_ENABLE_DEBUG_INFO = NO;
				SDKROOT = iphoneos;
				SWIFT_COMPILATION_MODE = wholemodule;
				SWIFT_OPTIMIZATION_LEVEL = "-O";
				VALIDATE_PRODUCT = YES;
			};
			name = Release;
		};
		A47AE860214D7A1400CC7493 /* Debug */ = {
			isa = XCBuildConfiguration;
			buildSettings = {
				ASSETCATALOG_COMPILER_APPICON_NAME = AppIcon;
				CODE_SIGN_STYLE = Automatic;
				DEVELOPMENT_TEAM = 88MHHJV3RD;
				INFOPLIST_FILE = pakupakuTodo/Info.plist;
				LD_RUNPATH_SEARCH_PATHS = (
					"$(inherited)",
					"@executable_path/Frameworks",
				);
				PRODUCT_BUNDLE_IDENTIFIER = com.kazumalab.pakupakuTodo;
				PRODUCT_NAME = "$(TARGET_NAME)";
				SWIFT_VERSION = 4.0;
				TARGETED_DEVICE_FAMILY = "1,2";
			};
			name = Debug;
		};
		A47AE861214D7A1400CC7493 /* Release */ = {
			isa = XCBuildConfiguration;
			buildSettings = {
				ASSETCATALOG_COMPILER_APPICON_NAME = AppIcon;
				CODE_SIGN_STYLE = Automatic;
				DEVELOPMENT_TEAM = 88MHHJV3RD;
				INFOPLIST_FILE = pakupakuTodo/Info.plist;
				LD_RUNPATH_SEARCH_PATHS = (
					"$(inherited)",
					"@executable_path/Frameworks",
				);
				PRODUCT_BUNDLE_IDENTIFIER = com.kazumalab.pakupakuTodo;
				PRODUCT_NAME = "$(TARGET_NAME)";
				SWIFT_VERSION = 4.0;
				TARGETED_DEVICE_FAMILY = "1,2";
			};
			name = Release;
		};
		A47AE863214D7A1400CC7493 /* Debug */ = {
			isa = XCBuildConfiguration;
			buildSettings = {
				ALWAYS_EMBED_SWIFT_STANDARD_LIBRARIES = YES;
				BUNDLE_LOADER = "$(TEST_HOST)";
				CODE_SIGN_STYLE = Automatic;
				DEVELOPMENT_TEAM = 88MHHJV3RD;
				INFOPLIST_FILE = pakupakuTodoTests/Info.plist;
				LD_RUNPATH_SEARCH_PATHS = (
					"$(inherited)",
					"@executable_path/Frameworks",
					"@loader_path/Frameworks",
				);
				PRODUCT_BUNDLE_IDENTIFIER = com.kazumalab.pakupakuTodoTests;
				PRODUCT_NAME = "$(TARGET_NAME)";
				SWIFT_VERSION = 4.0;
				TARGETED_DEVICE_FAMILY = "1,2";
				TEST_HOST = "$(BUILT_PRODUCTS_DIR)/pakupakuTodo.app/pakupakuTodo";
			};
			name = Debug;
		};
		A47AE864214D7A1400CC7493 /* Release */ = {
			isa = XCBuildConfiguration;
			buildSettings = {
				ALWAYS_EMBED_SWIFT_STANDARD_LIBRARIES = YES;
				BUNDLE_LOADER = "$(TEST_HOST)";
				CODE_SIGN_STYLE = Automatic;
				DEVELOPMENT_TEAM = 88MHHJV3RD;
				INFOPLIST_FILE = pakupakuTodoTests/Info.plist;
				LD_RUNPATH_SEARCH_PATHS = (
					"$(inherited)",
					"@executable_path/Frameworks",
					"@loader_path/Frameworks",
				);
				PRODUCT_BUNDLE_IDENTIFIER = com.kazumalab.pakupakuTodoTests;
				PRODUCT_NAME = "$(TARGET_NAME)";
				SWIFT_VERSION = 4.0;
				TARGETED_DEVICE_FAMILY = "1,2";
				TEST_HOST = "$(BUILT_PRODUCTS_DIR)/pakupakuTodo.app/pakupakuTodo";
			};
			name = Release;
		};
		A47AE866214D7A1400CC7493 /* Debug */ = {
			isa = XCBuildConfiguration;
			buildSettings = {
				ALWAYS_EMBED_SWIFT_STANDARD_LIBRARIES = YES;
				CODE_SIGN_STYLE = Automatic;
				DEVELOPMENT_TEAM = 88MHHJV3RD;
				INFOPLIST_FILE = pakupakuTodoUITests/Info.plist;
				LD_RUNPATH_SEARCH_PATHS = (
					"$(inherited)",
					"@executable_path/Frameworks",
					"@loader_path/Frameworks",
				);
				PRODUCT_BUNDLE_IDENTIFIER = com.kazumalab.pakupakuTodoUITests;
				PRODUCT_NAME = "$(TARGET_NAME)";
				SWIFT_VERSION = 4.0;
				TARGETED_DEVICE_FAMILY = "1,2";
				TEST_TARGET_NAME = pakupakuTodo;
			};
			name = Debug;
		};
		A47AE867214D7A1400CC7493 /* Release */ = {
			isa = XCBuildConfiguration;
			buildSettings = {
				ALWAYS_EMBED_SWIFT_STANDARD_LIBRARIES = YES;
				CODE_SIGN_STYLE = Automatic;
				DEVELOPMENT_TEAM = 88MHHJV3RD;
				INFOPLIST_FILE = pakupakuTodoUITests/Info.plist;
				LD_RUNPATH_SEARCH_PATHS = (
					"$(inherited)",
					"@executable_path/Frameworks",
					"@loader_path/Frameworks",
				);
				PRODUCT_BUNDLE_IDENTIFIER = com.kazumalab.pakupakuTodoUITests;
				PRODUCT_NAME = "$(TARGET_NAME)";
				SWIFT_VERSION = 4.0;
				TARGETED_DEVICE_FAMILY = "1,2";
				TEST_TARGET_NAME = pakupakuTodo;
			};
			name = Release;
		};
/* End XCBuildConfiguration section */

/* Begin XCConfigurationList section */
		A47AE832214D7A1200CC7493 /* Build configuration list for PBXProject "pakupakuTodo" */ = {
			isa = XCConfigurationList;
			buildConfigurations = (
				A47AE85D214D7A1400CC7493 /* Debug */,
				A47AE85E214D7A1400CC7493 /* Release */,
			);
			defaultConfigurationIsVisible = 0;
			defaultConfigurationName = Release;
		};
		A47AE85F214D7A1400CC7493 /* Build configuration list for PBXNativeTarget "pakupakuTodo" */ = {
			isa = XCConfigurationList;
			buildConfigurations = (
				A47AE860214D7A1400CC7493 /* Debug */,
				A47AE861214D7A1400CC7493 /* Release */,
			);
			defaultConfigurationIsVisible = 0;
			defaultConfigurationName = Release;
		};
		A47AE862214D7A1400CC7493 /* Build configuration list for PBXNativeTarget "pakupakuTodoTests" */ = {
			isa = XCConfigurationList;
			buildConfigurations = (
				A47AE863214D7A1400CC7493 /* Debug */,
				A47AE864214D7A1400CC7493 /* Release */,
			);
			defaultConfigurationIsVisible = 0;
			defaultConfigurationName = Release;
		};
		A47AE865214D7A1400CC7493 /* Build configuration list for PBXNativeTarget "pakupakuTodoUITests" */ = {
			isa = XCConfigurationList;
			buildConfigurations = (
				A47AE866214D7A1400CC7493 /* Debug */,
				A47AE867214D7A1400CC7493 /* Release */,
			);
			defaultConfigurationIsVisible = 0;
			defaultConfigurationName = Release;
		};
/* End XCConfigurationList section */
	};
	rootObject = A47AE82F214D7A1200CC7493 /* Project object */;
}
